
Microsoft Visual Studio Solution File, Format Version 12.00
# Visual Studio Version 16
VisualStudioVersion = 16.0.29230.47
MinimumVisualStudioVersion = 10.0.40219.1
Project("{9A19103F-16F7-4668-BE54-9A1E7A4F7556}") = "TimeKeeper.Domain", "TimeKeeper.Domain\TimeKeeper.Domain.csproj", "{F9B6ABFA-8E08-495C-98DE-589DB88EAE9B}"
EndProject
Project("{9A19103F-16F7-4668-BE54-9A1E7A4F7556}") = "TimeKeeper.DAL", "TimeKeeper.DAL\TimeKeeper.DAL.csproj", "{DB4BAE40-EDAB-43E4-A2A8-D4A19CDDECFC}"
EndProject
Project("{9A19103F-16F7-4668-BE54-9A1E7A4F7556}") = "TimeKeeper.Seed", "TimeKeeper.Seed\TimeKeeper.Seed.csproj", "{C0EA0BED-99EA-4F2C-BE1B-1248A8DAAFF8}"
EndProject
Project("{9A19103F-16F7-4668-BE54-9A1E7A4F7556}") = "TimeKeeper.API", "TimeKeeper.API\TimeKeeper.API.csproj", "{371F7D87-3DBE-46EB-B1BD-807C0733B31C}"
EndProject
Project("{9A19103F-16F7-4668-BE54-9A1E7A4F7556}") = "TimeKeeper.Test", "TimeKeeper.Test\TimeKeeper.Test.csproj", "{DDC195C4-1B06-4803-9DA8-A72E9DCC6790}"
EndProject
Project("{9A19103F-16F7-4668-BE54-9A1E7A4F7556}") = "TimeKeeper.LOG", "TimeKeeper.LOG\TimeKeeper.LOG.csproj", "{8C74AE68-F71D-4690-A7B9-956CA536B337}"
EndProject
Project("{9A19103F-16F7-4668-BE54-9A1E7A4F7556}") = "TimeKeeper.Utility", "TimeKeeper.Utility\TimeKeeper.Utility.csproj", "{2754B2D7-4F8B-4E76-9123-BCB63CBC2EA3}"
EndProject
Project("{9A19103F-16F7-4668-BE54-9A1E7A4F7556}") = "TimeKeeper.Mail", "TimeKeeper.Mail\TimeKeeper.Mail.csproj", "{65D98E38-F652-40B5-834A-8B2D0046E04A}"
EndProject
Project("{9A19103F-16F7-4668-BE54-9A1E7A4F7556}") = "TimeKeeper.DTO", "TimeKeeper.DTO\TimeKeeper.DTO.csproj", "{CDC6A58B-5286-47B5-AE2D-1F11AEC09F2B}"
EndProject
Project("{9A19103F-16F7-4668-BE54-9A1E7A4F7556}") = "TimeKeeper.BLL", "TimeKeeper.BLL\TimeKeeper.BLL.csproj", "{E9B16DE6-4BDF-489A-BB0E-5FE576EF319A}"
EndProject
Global
	GlobalSection(SolutionConfigurationPlatforms) = preSolution
		Debug|Any CPU = Debug|Any CPU
		Release|Any CPU = Release|Any CPU
	EndGlobalSection
	GlobalSection(ProjectConfigurationPlatforms) = postSolution
		{F9B6ABFA-8E08-495C-98DE-589DB88EAE9B}.Debug|Any CPU.ActiveCfg = Debug|Any CPU
		{F9B6ABFA-8E08-495C-98DE-589DB88EAE9B}.Debug|Any CPU.Build.0 = Debug|Any CPU
		{F9B6ABFA-8E08-495C-98DE-589DB88EAE9B}.Release|Any CPU.ActiveCfg = Release|Any CPU
		{F9B6ABFA-8E08-495C-98DE-589DB88EAE9B}.Release|Any CPU.Build.0 = Release|Any CPU
		{DB4BAE40-EDAB-43E4-A2A8-D4A19CDDECFC}.Debug|Any CPU.ActiveCfg = Debug|Any CPU
		{DB4BAE40-EDAB-43E4-A2A8-D4A19CDDECFC}.Debug|Any CPU.Build.0 = Debug|Any CPU
		{DB4BAE40-EDAB-43E4-A2A8-D4A19CDDECFC}.Release|Any CPU.ActiveCfg = Release|Any CPU
		{DB4BAE40-EDAB-43E4-A2A8-D4A19CDDECFC}.Release|Any CPU.Build.0 = Release|Any CPU
		{C0EA0BED-99EA-4F2C-BE1B-1248A8DAAFF8}.Debug|Any CPU.ActiveCfg = Debug|Any CPU
		{C0EA0BED-99EA-4F2C-BE1B-1248A8DAAFF8}.Debug|Any CPU.Build.0 = Debug|Any CPU
		{C0EA0BED-99EA-4F2C-BE1B-1248A8DAAFF8}.Release|Any CPU.ActiveCfg = Release|Any CPU
		{C0EA0BED-99EA-4F2C-BE1B-1248A8DAAFF8}.Release|Any CPU.Build.0 = Release|Any CPU
		{371F7D87-3DBE-46EB-B1BD-807C0733B31C}.Debug|Any CPU.ActiveCfg = Debug|Any CPU
		{371F7D87-3DBE-46EB-B1BD-807C0733B31C}.Debug|Any CPU.Build.0 = Debug|Any CPU
		{371F7D87-3DBE-46EB-B1BD-807C0733B31C}.Release|Any CPU.ActiveCfg = Release|Any CPU
		{371F7D87-3DBE-46EB-B1BD-807C0733B31C}.Release|Any CPU.Build.0 = Release|Any CPU
		{DDC195C4-1B06-4803-9DA8-A72E9DCC6790}.Debug|Any CPU.ActiveCfg = Debug|Any CPU
		{DDC195C4-1B06-4803-9DA8-A72E9DCC6790}.Debug|Any CPU.Build.0 = Debug|Any CPU
		{DDC195C4-1B06-4803-9DA8-A72E9DCC6790}.Release|Any CPU.ActiveCfg = Release|Any CPU
		{DDC195C4-1B06-4803-9DA8-A72E9DCC6790}.Release|Any CPU.Build.0 = Release|Any CPU
		{8C74AE68-F71D-4690-A7B9-956CA536B337}.Debug|Any CPU.ActiveCfg = Debug|Any CPU
		{8C74AE68-F71D-4690-A7B9-956CA536B337}.Debug|Any CPU.Build.0 = Debug|Any CPU
		{8C74AE68-F71D-4690-A7B9-956CA536B337}.Release|Any CPU.ActiveCfg = Release|Any CPU
		{8C74AE68-F71D-4690-A7B9-956CA536B337}.Release|Any CPU.Build.0 = Release|Any CPU
		{2754B2D7-4F8B-4E76-9123-BCB63CBC2EA3}.Debug|Any CPU.ActiveCfg = Debug|Any CPU
		{2754B2D7-4F8B-4E76-9123-BCB63CBC2EA3}.Debug|Any CPU.Build.0 = Debug|Any CPU
		{2754B2D7-4F8B-4E76-9123-BCB63CBC2EA3}.Release|Any CPU.ActiveCfg = Release|Any CPU
		{2754B2D7-4F8B-4E76-9123-BCB63CBC2EA3}.Release|Any CPU.Build.0 = Release|Any CPU
		{65D98E38-F652-40B5-834A-8B2D0046E04A}.Debug|Any CPU.ActiveCfg = Debug|Any CPU
		{65D98E38-F652-40B5-834A-8B2D0046E04A}.Debug|Any CPU.Build.0 = Debug|Any CPU
		{65D98E38-F652-40B5-834A-8B2D0046E04A}.Release|Any CPU.ActiveCfg = Release|Any CPU
		{65D98E38-F652-40B5-834A-8B2D0046E04A}.Release|Any CPU.Build.0 = Release|Any CPU
		{CDC6A58B-5286-47B5-AE2D-1F11AEC09F2B}.Debug|Any CPU.ActiveCfg = Debug|Any CPU
		{CDC6A58B-5286-47B5-AE2D-1F11AEC09F2B}.Debug|Any CPU.Build.0 = Debug|Any CPU
		{CDC6A58B-5286-47B5-AE2D-1F11AEC09F2B}.Release|Any CPU.ActiveCfg = Release|Any CPU
		{CDC6A58B-5286-47B5-AE2D-1F11AEC09F2B}.Release|Any CPU.Build.0 = Release|Any CPU
		{E9B16DE6-4BDF-489A-BB0E-5FE576EF319A}.Debug|Any CPU.ActiveCfg = Debug|Any CPU
		{E9B16DE6-4BDF-489A-BB0E-5FE576EF319A}.Debug|Any CPU.Build.0 = Debug|Any CPU
		{E9B16DE6-4BDF-489A-BB0E-5FE576EF319A}.Release|Any CPU.ActiveCfg = Release|Any CPU
		{E9B16DE6-4BDF-489A-BB0E-5FE576EF319A}.Release|Any CPU.Build.0 = Release|Any CPU
	EndGlobalSection
	GlobalSection(SolutionProperties) = preSolution
		HideSolutionNode = FALSE
	EndGlobalSection
	GlobalSection(ExtensibilityGlobals) = postSolution
		SolutionGuid = {298D527E-3433-487A-8751-F55103C9F922}
	EndGlobalSection
EndGlobal
